
Microsoft Visual Studio Solution File, Format Version 10.00
# Visual Studio 2008
Project("{FAE04EC0-301F-11D3-BF4B-00C04F79EFBC}") = "GUI", "GUI\GUI.csproj", "{339D2A9E-84A5-46E8-85E3-54C69EFBCA78}"
EndProject
Project("{FAE04EC0-301F-11D3-BF4B-00C04F79EFBC}") = "DAO", "DAO\DAO.csproj", "{D9C33BA4-615A-4E5D-AA14-38CC6274F0FB}"
EndProject
Project("{FAE04EC0-301F-11D3-BF4B-00C04F79EFBC}") = "BUS", "BUS\BUS.csproj", "{08FBDD1E-3485-4EBC-AABF-BFD9EC124D45}"
EndProject
Project("{FAE04EC0-301F-11D3-BF4B-00C04F79EFBC}") = "DTO", "DTO\DTO.csproj", "{038F275E-D004-4853-B518-9719E4174C0D}"
EndProject
Global
	GlobalSection(SolutionConfigurationPlatforms) = preSolution
		Debug|Any CPU = Debug|Any CPU
		Release|Any CPU = Release|Any CPU
	EndGlobalSection
	GlobalSection(ProjectConfigurationPlatforms) = postSolution
		{339D2A9E-84A5-46E8-85E3-54C69EFBCA78}.Debug|Any CPU.ActiveCfg = Debug|Any CPU
		{339D2A9E-84A5-46E8-85E3-54C69EFBCA78}.Debug|Any CPU.Build.0 = Debug|Any CPU
		{339D2A9E-84A5-46E8-85E3-54C69EFBCA78}.Release|Any CPU.ActiveCfg = Release|Any CPU
		{339D2A9E-84A5-46E8-85E3-54C69EFBCA78}.Release|Any CPU.Build.0 = Release|Any CPU
		{D9C33BA4-615A-4E5D-AA14-38CC6274F0FB}.Debug|Any CPU.ActiveCfg = Debug|Any CPU
		{D9C33BA4-615A-4E5D-AA14-38CC6274F0FB}.Debug|Any CPU.Build.0 = Debug|Any CPU
		{D9C33BA4-615A-4E5D-AA14-38CC6274F0FB}.Release|Any CPU.ActiveCfg = Release|Any CPU
		{D9C33BA4-615A-4E5D-AA14-38CC6274F0FB}.Release|Any CPU.Build.0 = Release|Any CPU
		{08FBDD1E-3485-4EBC-AABF-BFD9EC124D45}.Debug|Any CPU.ActiveCfg = Debug|Any CPU
		{08FBDD1E-3485-4EBC-AABF-BFD9EC124D45}.Debug|Any CPU.Build.0 = Debug|Any CPU
		{08FBDD1E-3485-4EBC-AABF-BFD9EC124D45}.Release|Any CPU.ActiveCfg = Release|Any CPU
		{08FBDD1E-3485-4EBC-AABF-BFD9EC124D45}.Release|Any CPU.Build.0 = Release|Any CPU
		{038F275E-D004-4853-B518-9719E4174C0D}.Debug|Any CPU.ActiveCfg = Debug|Any CPU
		{038F275E-D004-4853-B518-9719E4174C0D}.Debug|Any CPU.Build.0 = Debug|Any CPU
		{038F275E-D004-4853-B518-9719E4174C0D}.Release|Any CPU.ActiveCfg = Release|Any CPU
		{038F275E-D004-4853-B518-9719E4174C0D}.Release|Any CPU.Build.0 = Release|Any CPU
	EndGlobalSection
	GlobalSection(SolutionProperties) = preSolution
		HideSolutionNode = FALSE
	EndGlobalSection
EndGlobal
